
Microsoft Visual Studio Solution File, Format Version 12.00
# Visual Studio 15
VisualStudioVersion = 15.0.28010.2050
MinimumVisualStudioVersion = 10.0.40219.1
Project("{FAE04EC0-301F-11D3-BF4B-00C04F79EFBC}") = "4.6", "4.6\4.6.csproj", "{707DCAC8-C59A-4242-868F-9359AC23A6D0}"
EndProject
Global
	GlobalSection(SolutionConfigurationPlatforms) = preSolution
		Debug|Any CPU = Debug|Any CPU
		Release|Any CPU = Release|Any CPU
	EndGlobalSection
	GlobalSection(ProjectConfigurationPlatforms) = postSolution
		{707DCAC8-C59A-4242-868F-9359AC23A6D0}.Debug|Any CPU.ActiveCfg = Debug|Any CPU
		{707DCAC8-C59A-4242-868F-9359AC23A6D0}.Debug|Any CPU.Build.0 = Debug|Any CPU
		{707DCAC8-C59A-4242-868F-9359AC23A6D0}.Release|Any CPU.ActiveCfg = Release|Any CPU
		{707DCAC8-C59A-4242-868F-9359AC23A6D0}.Release|Any CPU.Build.0 = Release|Any CPU
	EndGlobalSection
	GlobalSection(SolutionProperties) = preSolution
		HideSolutionNode = FALSE
	EndGlobalSection
	GlobalSection(ExtensibilityGlobals) = postSolution
		SolutionGuid = {B8530289-74FC-4626-A47D-77D8EBA496CE}
	EndGlobalSection
EndGlobal
