
Microsoft Visual Studio Solution File, Format Version 12.00
# Visual Studio 15
VisualStudioVersion = 15.0.28010.2048
MinimumVisualStudioVersion = 10.0.40219.1
Project("{FAE04EC0-301F-11D3-BF4B-00C04F79EFBC}") = "Opdracht3.6", "Opdracht3.6\Opdracht3.6.csproj", "{3106D9D2-0429-49E2-9208-C597B05EFAB4}"
EndProject
Global
	GlobalSection(SolutionConfigurationPlatforms) = preSolution
		Debug|Any CPU = Debug|Any CPU
		Release|Any CPU = Release|Any CPU
	EndGlobalSection
	GlobalSection(ProjectConfigurationPlatforms) = postSolution
		{3106D9D2-0429-49E2-9208-C597B05EFAB4}.Debug|Any CPU.ActiveCfg = Debug|Any CPU
		{3106D9D2-0429-49E2-9208-C597B05EFAB4}.Debug|Any CPU.Build.0 = Debug|Any CPU
		{3106D9D2-0429-49E2-9208-C597B05EFAB4}.Release|Any CPU.ActiveCfg = Release|Any CPU
		{3106D9D2-0429-49E2-9208-C597B05EFAB4}.Release|Any CPU.Build.0 = Release|Any CPU
	EndGlobalSection
	GlobalSection(SolutionProperties) = preSolution
		HideSolutionNode = FALSE
	EndGlobalSection
	GlobalSection(ExtensibilityGlobals) = postSolution
		SolutionGuid = {3798BF95-919B-4169-8916-79344F68EDB7}
	EndGlobalSection
EndGlobal
