
Microsoft Visual Studio Solution File, Format Version 12.00
# Visual Studio 15
VisualStudioVersion = 15.0.28010.2048
MinimumVisualStudioVersion = 10.0.40219.1
Project("{FAE04EC0-301F-11D3-BF4B-00C04F79EFBC}") = "Opdracht4.9", "Opdracht4.9\Opdracht4.9.csproj", "{D6FACE62-B204-4E40-8957-37376ECB95C8}"
EndProject
Global
	GlobalSection(SolutionConfigurationPlatforms) = preSolution
		Debug|Any CPU = Debug|Any CPU
		Release|Any CPU = Release|Any CPU
	EndGlobalSection
	GlobalSection(ProjectConfigurationPlatforms) = postSolution
		{D6FACE62-B204-4E40-8957-37376ECB95C8}.Debug|Any CPU.ActiveCfg = Debug|Any CPU
		{D6FACE62-B204-4E40-8957-37376ECB95C8}.Debug|Any CPU.Build.0 = Debug|Any CPU
		{D6FACE62-B204-4E40-8957-37376ECB95C8}.Release|Any CPU.ActiveCfg = Release|Any CPU
		{D6FACE62-B204-4E40-8957-37376ECB95C8}.Release|Any CPU.Build.0 = Release|Any CPU
	EndGlobalSection
	GlobalSection(SolutionProperties) = preSolution
		HideSolutionNode = FALSE
	EndGlobalSection
	GlobalSection(ExtensibilityGlobals) = postSolution
		SolutionGuid = {0EEF0EFC-8C17-4120-9ABB-28CE60C178F2}
	EndGlobalSection
EndGlobal
