
Microsoft Visual Studio Solution File, Format Version 12.00
# Visual Studio 15
VisualStudioVersion = 15.0.28010.2048
MinimumVisualStudioVersion = 10.0.40219.1
Project("{FAE04EC0-301F-11D3-BF4B-00C04F79EFBC}") = "Opdracht3.8", "Opdracht3.8\Opdracht3.8.csproj", "{92EC32FC-3BED-4838-B976-1AF964BE18CF}"
EndProject
Global
	GlobalSection(SolutionConfigurationPlatforms) = preSolution
		Debug|Any CPU = Debug|Any CPU
		Release|Any CPU = Release|Any CPU
	EndGlobalSection
	GlobalSection(ProjectConfigurationPlatforms) = postSolution
		{92EC32FC-3BED-4838-B976-1AF964BE18CF}.Debug|Any CPU.ActiveCfg = Debug|Any CPU
		{92EC32FC-3BED-4838-B976-1AF964BE18CF}.Debug|Any CPU.Build.0 = Debug|Any CPU
		{92EC32FC-3BED-4838-B976-1AF964BE18CF}.Release|Any CPU.ActiveCfg = Release|Any CPU
		{92EC32FC-3BED-4838-B976-1AF964BE18CF}.Release|Any CPU.Build.0 = Release|Any CPU
	EndGlobalSection
	GlobalSection(SolutionProperties) = preSolution
		HideSolutionNode = FALSE
	EndGlobalSection
	GlobalSection(ExtensibilityGlobals) = postSolution
		SolutionGuid = {E7DDA4FA-6E81-4B88-944B-BE690A0B0BE8}
	EndGlobalSection
EndGlobal
