
Microsoft Visual Studio Solution File, Format Version 12.00
# Visual Studio 15
VisualStudioVersion = 15.0.28010.2048
MinimumVisualStudioVersion = 10.0.40219.1
Project("{FAE04EC0-301F-11D3-BF4B-00C04F79EFBC}") = "Opdracht3.10", "Opdracht3.10\Opdracht3.10.csproj", "{640FA509-2AFD-46C9-ACFD-5ED350D25CAF}"
EndProject
Global
	GlobalSection(SolutionConfigurationPlatforms) = preSolution
		Debug|Any CPU = Debug|Any CPU
		Release|Any CPU = Release|Any CPU
	EndGlobalSection
	GlobalSection(ProjectConfigurationPlatforms) = postSolution
		{640FA509-2AFD-46C9-ACFD-5ED350D25CAF}.Debug|Any CPU.ActiveCfg = Debug|Any CPU
		{640FA509-2AFD-46C9-ACFD-5ED350D25CAF}.Debug|Any CPU.Build.0 = Debug|Any CPU
		{640FA509-2AFD-46C9-ACFD-5ED350D25CAF}.Release|Any CPU.ActiveCfg = Release|Any CPU
		{640FA509-2AFD-46C9-ACFD-5ED350D25CAF}.Release|Any CPU.Build.0 = Release|Any CPU
	EndGlobalSection
	GlobalSection(SolutionProperties) = preSolution
		HideSolutionNode = FALSE
	EndGlobalSection
	GlobalSection(ExtensibilityGlobals) = postSolution
		SolutionGuid = {E56EF9C0-3DC4-408D-B6F7-65C2220724B8}
	EndGlobalSection
EndGlobal
